
Microsoft Visual Studio Solution File, Format Version 12.00
# Visual Studio Version 17
VisualStudioVersion = 17.4.33103.184
MinimumVisualStudioVersion = 10.0.40219.1
Project("{FAE04EC0-301F-11D3-BF4B-00C04F79EFBC}") = "MetroTextures", "MetroTextures.csproj", "{A6B98474-03B7-4B27-B28B-1E5318D346DB}"
EndProject
Global
	GlobalSection(SolutionConfigurationPlatforms) = preSolution
		Debug|Any CPU = Debug|Any CPU
		Release|Any CPU = Release|Any CPU
	EndGlobalSection
	GlobalSection(ProjectConfigurationPlatforms) = postSolution
		{A6B98474-03B7-4B27-B28B-1E5318D346DB}.Debug|Any CPU.ActiveCfg = Debug|Any CPU
		{A6B98474-03B7-4B27-B28B-1E5318D346DB}.Debug|Any CPU.Build.0 = Debug|Any CPU
		{A6B98474-03B7-4B27-B28B-1E5318D346DB}.Release|Any CPU.ActiveCfg = Release|Any CPU
		{A6B98474-03B7-4B27-B28B-1E5318D346DB}.Release|Any CPU.Build.0 = Release|Any CPU
	EndGlobalSection
	GlobalSection(SolutionProperties) = preSolution
		HideSolutionNode = FALSE
	EndGlobalSection
	GlobalSection(ExtensibilityGlobals) = postSolution
		SolutionGuid = {9F425111-5608-4764-A01F-E3563B5E2C19}
	EndGlobalSection
EndGlobal
